{
    "name": "version-status-bar",
    "version": "0.0.1",
    "lockfileVersion": 3,
    "requires": true,
    "packages": {
        "": {
            "name": "version-status-bar",
            "version": "0.0.1",
            "devDependencies": {
                "@types/vscode": "^1.88.0"
            },
            "engines": {
                "vscode": "^1.88.0"
            }
        },
        "node_modules/@types/vscode": {
            "version": "1.88.0",
            "resolved": "https://registry.npmjs.org/@types/vscode/-/vscode-1.88.0.tgz",
            "integrity": "sha512-rWY+Bs6j/f1lvr8jqZTyp5arRMfovdxolcqGi+//+cPDOh8SBvzXH90e7BiSXct5HJ9HGW6jATchbRTpTJpEkw==",
            "dev": true,
            "license": "MIT"
        }
    }
}
